{
  "name": "cclaude-fsd",
  "version": "1.1.6",
  "lockfileVersion": 3,
  "requires": true,
  "packages": {
    "": {
      "name": "cclaude-fsd",
      "version": "1.1.6",
      "license": "MIT",
      "bin": {
        "cclaude-fsd": "bin/claude-fsd",
        "cclaudefsd": "bin/claudefsd",
        "cclaudefsd-check-dependencies": "bin/claudefsd-check-dependencies",
        "cclaudefsd-dev": "bin/claudefsd-dev",
        "cclaudefsd-plan": "bin/claudefsd-plan",
        "cclaudefsd-plan-gen": "bin/claudefsd-plan-gen"
      },
      "engines": {
        "node": ">=14.0.0"
      }
    }
  }
}
